
Microsoft Visual Studio Solution File, Format Version 12.00
# Visual Studio Version 17
VisualStudioVersion = 17.5.33516.290
MinimumVisualStudioVersion = 10.0.40219.1
Project("{FAE04EC0-301F-11D3-BF4B-00C04F79EFBC}") = "22deftersonartikdefter", "22deftersonartikdefter\22deftersonartikdefter.csproj", "{9A55EC2F-F049-44CA-AB72-0A6B719E24A7}"
EndProject
Global
	GlobalSection(SolutionConfigurationPlatforms) = preSolution
		Debug|Any CPU = Debug|Any CPU
		Release|Any CPU = Release|Any CPU
	EndGlobalSection
	GlobalSection(ProjectConfigurationPlatforms) = postSolution
		{9A55EC2F-F049-44CA-AB72-0A6B719E24A7}.Debug|Any CPU.ActiveCfg = Debug|Any CPU
		{9A55EC2F-F049-44CA-AB72-0A6B719E24A7}.Debug|Any CPU.Build.0 = Debug|Any CPU
		{9A55EC2F-F049-44CA-AB72-0A6B719E24A7}.Release|Any CPU.ActiveCfg = Release|Any CPU
		{9A55EC2F-F049-44CA-AB72-0A6B719E24A7}.Release|Any CPU.Build.0 = Release|Any CPU
	EndGlobalSection
	GlobalSection(SolutionProperties) = preSolution
		HideSolutionNode = FALSE
	EndGlobalSection
	GlobalSection(ExtensibilityGlobals) = postSolution
		SolutionGuid = {F7E9D6F4-9939-47A8-A776-45D7B99DF3D2}
	EndGlobalSection
EndGlobal
